
Microsoft Visual Studio Solution File, Format Version 12.00
# Visual Studio Version 17
VisualStudioVersion = 17.3.32819.101
MinimumVisualStudioVersion = 10.0.40219.1
Project("{9A19103F-16F7-4668-BE54-9A1E7A4F7556}") = "KLA2023_DevDay", "KLA2023_DevDay\KLA2023_DevDay.csproj", "{642B1DD2-FB4D-4D05-83F0-FF05CC93997B}"
EndProject
Project("{2150E333-8FDC-42A3-9474-1A3956D46DE8}") = "Solution Items", "Solution Items", "{12DD9099-D186-4020-88C3-005CF095EA92}"
	ProjectSection(SolutionItems) = preProject
		.editorconfig = .editorconfig
	EndProjectSection
EndProject
Global
	GlobalSection(SolutionConfigurationPlatforms) = preSolution
		Debug|Any CPU = Debug|Any CPU
		Release|Any CPU = Release|Any CPU
	EndGlobalSection
	GlobalSection(ProjectConfigurationPlatforms) = postSolution
		{642B1DD2-FB4D-4D05-83F0-FF05CC93997B}.Debug|Any CPU.ActiveCfg = Debug|Any CPU
		{642B1DD2-FB4D-4D05-83F0-FF05CC93997B}.Debug|Any CPU.Build.0 = Debug|Any CPU
		{642B1DD2-FB4D-4D05-83F0-FF05CC93997B}.Release|Any CPU.ActiveCfg = Release|Any CPU
		{642B1DD2-FB4D-4D05-83F0-FF05CC93997B}.Release|Any CPU.Build.0 = Release|Any CPU
	EndGlobalSection
	GlobalSection(SolutionProperties) = preSolution
		HideSolutionNode = FALSE
	EndGlobalSection
	GlobalSection(ExtensibilityGlobals) = postSolution
		SolutionGuid = {3EBC6802-0DE5-49F5-8827-B22DCCDCECC0}
	EndGlobalSection
EndGlobal
